
Microsoft Visual Studio Solution File, Format Version 12.00
# Visual Studio Version 16
VisualStudioVersion = 16.0.31129.286
MinimumVisualStudioVersion = 10.0.40219.1
Project("{8BC9CEB8-8B4A-11D0-8D11-00A0C91BC942}") = "Widgets", "Widgets.vcxproj", "{FAD67657-8371-40D5-8950-1E2A4FBBFD0E}"
EndProject
Global
	GlobalSection(SolutionConfigurationPlatforms) = preSolution
		Debug|x64 = Debug|x64
		Debug|x86 = Debug|x86
		Release|x64 = Release|x64
		Release|x86 = Release|x86
	EndGlobalSection
	GlobalSection(ProjectConfigurationPlatforms) = postSolution
		{FAD67657-8371-40D5-8950-1E2A4FBBFD0E}.Debug|x64.ActiveCfg = Debug|x64
		{FAD67657-8371-40D5-8950-1E2A4FBBFD0E}.Debug|x64.Build.0 = Debug|x64
		{FAD67657-8371-40D5-8950-1E2A4FBBFD0E}.Debug|x86.ActiveCfg = Debug|Win32
		{FAD67657-8371-40D5-8950-1E2A4FBBFD0E}.Debug|x86.Build.0 = Debug|Win32
		{FAD67657-8371-40D5-8950-1E2A4FBBFD0E}.Release|x64.ActiveCfg = Release|x64
		{FAD67657-8371-40D5-8950-1E2A4FBBFD0E}.Release|x64.Build.0 = Release|x64
		{FAD67657-8371-40D5-8950-1E2A4FBBFD0E}.Release|x86.ActiveCfg = Release|Win32
		{FAD67657-8371-40D5-8950-1E2A4FBBFD0E}.Release|x86.Build.0 = Release|Win32
	EndGlobalSection
	GlobalSection(SolutionProperties) = preSolution
		HideSolutionNode = FALSE
	EndGlobalSection
	GlobalSection(ExtensibilityGlobals) = postSolution
		SolutionGuid = {8087837C-9805-4C8E-A2A0-F33BE6E6BA34}
	EndGlobalSection
EndGlobal
